
Microsoft Visual Studio Solution File, Format Version 12.00
# Visual Studio 15
VisualStudioVersion = 15.0.26228.64
MinimumVisualStudioVersion = 10.0.40219.1
Project("{FAE04EC0-301F-11D3-BF4B-00C04F79EFBC}") = "ServerWeb", "ServerWeb\ServerWeb.csproj", "{2FF9DC18-70B5-42F3-A6C1-8D6D7896BDC9}"
	ProjectSection(ProjectDependencies) = postProject
		{0D6DEBF9-41FE-44B8-84CE-17941BC98373} = {0D6DEBF9-41FE-44B8-84CE-17941BC98373}
	EndProjectSection
EndProject
Project("{FAE04EC0-301F-11D3-BF4B-00C04F79EFBC}") = "ServerService", "ServerService\ServerService.csproj", "{0D6DEBF9-41FE-44B8-84CE-17941BC98373}"
EndProject
Global
	GlobalSection(SolutionConfigurationPlatforms) = preSolution
		Debug|Any CPU = Debug|Any CPU
		Release|Any CPU = Release|Any CPU
	EndGlobalSection
	GlobalSection(ProjectConfigurationPlatforms) = postSolution
		{2FF9DC18-70B5-42F3-A6C1-8D6D7896BDC9}.Debug|Any CPU.ActiveCfg = Debug|Any CPU
		{2FF9DC18-70B5-42F3-A6C1-8D6D7896BDC9}.Debug|Any CPU.Build.0 = Debug|Any CPU
		{2FF9DC18-70B5-42F3-A6C1-8D6D7896BDC9}.Release|Any CPU.ActiveCfg = Release|Any CPU
		{2FF9DC18-70B5-42F3-A6C1-8D6D7896BDC9}.Release|Any CPU.Build.0 = Release|Any CPU
		{0D6DEBF9-41FE-44B8-84CE-17941BC98373}.Debug|Any CPU.ActiveCfg = Debug|Any CPU
		{0D6DEBF9-41FE-44B8-84CE-17941BC98373}.Debug|Any CPU.Build.0 = Debug|Any CPU
		{0D6DEBF9-41FE-44B8-84CE-17941BC98373}.Release|Any CPU.ActiveCfg = Release|Any CPU
		{0D6DEBF9-41FE-44B8-84CE-17941BC98373}.Release|Any CPU.Build.0 = Release|Any CPU
	EndGlobalSection
	GlobalSection(SolutionProperties) = preSolution
		HideSolutionNode = FALSE
	EndGlobalSection
	GlobalSection(ExtensibilityGlobals) = postSolution
		SolutionGuid = {BFAE12BE-1E38-4C53-9B8A-03691407178E}
	EndGlobalSection
EndGlobal
